
Microsoft Visual Studio Solution File, Format Version 12.00
# Visual Studio Version 17
VisualStudioVersion = 17.2.32616.157
MinimumVisualStudioVersion = 10.0.40219.1
Project("{FAE04EC0-301F-11D3-BF4B-00C04F79EFBC}") = "MultiAppDomainChannel", "MultiAppDomainChannel.csproj", "{45FAD060-44FB-49F4-A7F1-4A92169695FB}"
EndProject
Global
	GlobalSection(SolutionConfigurationPlatforms) = preSolution
		Debug|Any CPU = Debug|Any CPU
		Release|Any CPU = Release|Any CPU
	EndGlobalSection
	GlobalSection(ProjectConfigurationPlatforms) = postSolution
		{45FAD060-44FB-49F4-A7F1-4A92169695FB}.Debug|Any CPU.ActiveCfg = Debug|Any CPU
		{45FAD060-44FB-49F4-A7F1-4A92169695FB}.Debug|Any CPU.Build.0 = Debug|Any CPU
		{45FAD060-44FB-49F4-A7F1-4A92169695FB}.Release|Any CPU.ActiveCfg = Release|Any CPU
		{45FAD060-44FB-49F4-A7F1-4A92169695FB}.Release|Any CPU.Build.0 = Release|Any CPU
	EndGlobalSection
	GlobalSection(SolutionProperties) = preSolution
		HideSolutionNode = FALSE
	EndGlobalSection
	GlobalSection(ExtensibilityGlobals) = postSolution
		SolutionGuid = {BAB020EF-F368-43E2-B084-11B2C705AF7F}
	EndGlobalSection
EndGlobal
